
Microsoft Visual Studio Solution File, Format Version 12.00
# Visual Studio 15
VisualStudioVersion = 15.0.26430.13
MinimumVisualStudioVersion = 10.0.40219.1
Project("{FAE04EC0-301F-11D3-BF4B-00C04F79EFBC}") = "IntSharp", "IntSharp\IntSharp.csproj", "{8C3F1660-1D77-495A-BF54-A66474BF043C}"
EndProject
Project("{FAE04EC0-301F-11D3-BF4B-00C04F79EFBC}") = "IntSharpTests", "IntSharpTests\IntSharpTests.csproj", "{812FEDD3-431B-4073-B355-ED1ADA8CDB28}"
EndProject
Global
	GlobalSection(SolutionConfigurationPlatforms) = preSolution
		Debug|Any CPU = Debug|Any CPU
		Debug|x64 = Debug|x64
		Release|Any CPU = Release|Any CPU
		Release|x64 = Release|x64
	EndGlobalSection
	GlobalSection(ProjectConfigurationPlatforms) = postSolution
		{8C3F1660-1D77-495A-BF54-A66474BF043C}.Debug|Any CPU.ActiveCfg = Debug|Any CPU
		{8C3F1660-1D77-495A-BF54-A66474BF043C}.Debug|Any CPU.Build.0 = Debug|Any CPU
		{8C3F1660-1D77-495A-BF54-A66474BF043C}.Debug|x64.ActiveCfg = Debug|x64
		{8C3F1660-1D77-495A-BF54-A66474BF043C}.Debug|x64.Build.0 = Debug|x64
		{8C3F1660-1D77-495A-BF54-A66474BF043C}.Release|Any CPU.ActiveCfg = Release|Any CPU
		{8C3F1660-1D77-495A-BF54-A66474BF043C}.Release|Any CPU.Build.0 = Release|Any CPU
		{8C3F1660-1D77-495A-BF54-A66474BF043C}.Release|x64.ActiveCfg = Release|x64
		{8C3F1660-1D77-495A-BF54-A66474BF043C}.Release|x64.Build.0 = Release|x64
		{812FEDD3-431B-4073-B355-ED1ADA8CDB28}.Debug|Any CPU.ActiveCfg = Debug|Any CPU
		{812FEDD3-431B-4073-B355-ED1ADA8CDB28}.Debug|Any CPU.Build.0 = Debug|Any CPU
		{812FEDD3-431B-4073-B355-ED1ADA8CDB28}.Debug|x64.ActiveCfg = Debug|x64
		{812FEDD3-431B-4073-B355-ED1ADA8CDB28}.Debug|x64.Build.0 = Debug|x64
		{812FEDD3-431B-4073-B355-ED1ADA8CDB28}.Release|Any CPU.ActiveCfg = Release|Any CPU
		{812FEDD3-431B-4073-B355-ED1ADA8CDB28}.Release|Any CPU.Build.0 = Release|Any CPU
		{812FEDD3-431B-4073-B355-ED1ADA8CDB28}.Release|x64.ActiveCfg = Release|x64
		{812FEDD3-431B-4073-B355-ED1ADA8CDB28}.Release|x64.Build.0 = Release|x64
	EndGlobalSection
	GlobalSection(SolutionProperties) = preSolution
		HideSolutionNode = FALSE
	EndGlobalSection
EndGlobal
